
Microsoft Visual Studio Solution File, Format Version 12.00
Project("{FAE04EC0-301F-11D3-BF4B-00C04F79EFBC}") = "TaskA", "TaskA\TaskA.csproj", "{4BF7DE6B-BDDA-4E25-9739-6FE6ACA2EEC0}"
EndProject
Project("{FAE04EC0-301F-11D3-BF4B-00C04F79EFBC}") = "TaskB", "TaskB\TaskB.csproj", "{172D35CD-8A40-4729-AACC-D2A7A6A26A67}"
EndProject
Project("{FAE04EC0-301F-11D3-BF4B-00C04F79EFBC}") = "TaskC", "TaskC\TaskC.csproj", "{FC6848AB-7C87-4CA1-86AD-1378727A5A7D}"
EndProject
Project("{FAE04EC0-301F-11D3-BF4B-00C04F79EFBC}") = "TaskD", "TaskD\TaskD.csproj", "{F6EAD52D-72AD-4F20-B359-B755792AEA40}"
EndProject
Project("{FAE04EC0-301F-11D3-BF4B-00C04F79EFBC}") = "TaskE", "TaskE\TaskE.csproj", "{4E9B507E-B504-4E8B-9ACF-344E0911A48E}"
EndProject
Project("{FAE04EC0-301F-11D3-BF4B-00C04F79EFBC}") = "TaskF", "TaskF\TaskF.csproj", "{B62D8154-1669-4FA8-BE32-69884C3A2923}"
EndProject
Project("{FAE04EC0-301F-11D3-BF4B-00C04F79EFBC}") = "TaskG", "TaskG\TaskG.csproj", "{F688B020-99CE-4634-85C8-B5C0DC1E825A}"
EndProject
Project("{FAE04EC0-301F-11D3-BF4B-00C04F79EFBC}") = "TaskH", "TaskH\TaskH.csproj", "{05FDF2B9-B652-4256-8BAD-C93088453389}"
EndProject
Project("{FAE04EC0-301F-11D3-BF4B-00C04F79EFBC}") = "TaskI", "TaskI\TaskI.csproj", "{7358503D-058F-4CE8-8034-B133FC127FB4}"
EndProject
Project("{FAE04EC0-301F-11D3-BF4B-00C04F79EFBC}") = "TaskJ", "TaskJ\TaskJ.csproj", "{4E0F5BF7-CEF7-4E63-AA7B-5897D74D2DA5}"
EndProject
Global
	GlobalSection(SolutionConfigurationPlatforms) = preSolution
		Debug|Any CPU = Debug|Any CPU
		Release|Any CPU = Release|Any CPU
	EndGlobalSection
	GlobalSection(ProjectConfigurationPlatforms) = postSolution
		{4BF7DE6B-BDDA-4E25-9739-6FE6ACA2EEC0}.Debug|Any CPU.ActiveCfg = Debug|Any CPU
		{4BF7DE6B-BDDA-4E25-9739-6FE6ACA2EEC0}.Debug|Any CPU.Build.0 = Debug|Any CPU
		{4BF7DE6B-BDDA-4E25-9739-6FE6ACA2EEC0}.Release|Any CPU.ActiveCfg = Release|Any CPU
		{4BF7DE6B-BDDA-4E25-9739-6FE6ACA2EEC0}.Release|Any CPU.Build.0 = Release|Any CPU
		{172D35CD-8A40-4729-AACC-D2A7A6A26A67}.Debug|Any CPU.ActiveCfg = Debug|Any CPU
		{172D35CD-8A40-4729-AACC-D2A7A6A26A67}.Debug|Any CPU.Build.0 = Debug|Any CPU
		{172D35CD-8A40-4729-AACC-D2A7A6A26A67}.Release|Any CPU.ActiveCfg = Release|Any CPU
		{172D35CD-8A40-4729-AACC-D2A7A6A26A67}.Release|Any CPU.Build.0 = Release|Any CPU
		{FC6848AB-7C87-4CA1-86AD-1378727A5A7D}.Debug|Any CPU.ActiveCfg = Debug|Any CPU
		{FC6848AB-7C87-4CA1-86AD-1378727A5A7D}.Debug|Any CPU.Build.0 = Debug|Any CPU
		{FC6848AB-7C87-4CA1-86AD-1378727A5A7D}.Release|Any CPU.ActiveCfg = Release|Any CPU
		{FC6848AB-7C87-4CA1-86AD-1378727A5A7D}.Release|Any CPU.Build.0 = Release|Any CPU
		{F6EAD52D-72AD-4F20-B359-B755792AEA40}.Debug|Any CPU.ActiveCfg = Debug|Any CPU
		{F6EAD52D-72AD-4F20-B359-B755792AEA40}.Debug|Any CPU.Build.0 = Debug|Any CPU
		{F6EAD52D-72AD-4F20-B359-B755792AEA40}.Release|Any CPU.ActiveCfg = Release|Any CPU
		{F6EAD52D-72AD-4F20-B359-B755792AEA40}.Release|Any CPU.Build.0 = Release|Any CPU
		{4E9B507E-B504-4E8B-9ACF-344E0911A48E}.Debug|Any CPU.ActiveCfg = Debug|Any CPU
		{4E9B507E-B504-4E8B-9ACF-344E0911A48E}.Debug|Any CPU.Build.0 = Debug|Any CPU
		{4E9B507E-B504-4E8B-9ACF-344E0911A48E}.Release|Any CPU.ActiveCfg = Release|Any CPU
		{4E9B507E-B504-4E8B-9ACF-344E0911A48E}.Release|Any CPU.Build.0 = Release|Any CPU
		{B62D8154-1669-4FA8-BE32-69884C3A2923}.Debug|Any CPU.ActiveCfg = Debug|Any CPU
		{B62D8154-1669-4FA8-BE32-69884C3A2923}.Debug|Any CPU.Build.0 = Debug|Any CPU
		{B62D8154-1669-4FA8-BE32-69884C3A2923}.Release|Any CPU.ActiveCfg = Release|Any CPU
		{B62D8154-1669-4FA8-BE32-69884C3A2923}.Release|Any CPU.Build.0 = Release|Any CPU
		{F688B020-99CE-4634-85C8-B5C0DC1E825A}.Debug|Any CPU.ActiveCfg = Debug|Any CPU
		{F688B020-99CE-4634-85C8-B5C0DC1E825A}.Debug|Any CPU.Build.0 = Debug|Any CPU
		{F688B020-99CE-4634-85C8-B5C0DC1E825A}.Release|Any CPU.ActiveCfg = Release|Any CPU
		{F688B020-99CE-4634-85C8-B5C0DC1E825A}.Release|Any CPU.Build.0 = Release|Any CPU
		{05FDF2B9-B652-4256-8BAD-C93088453389}.Debug|Any CPU.ActiveCfg = Debug|Any CPU
		{05FDF2B9-B652-4256-8BAD-C93088453389}.Debug|Any CPU.Build.0 = Debug|Any CPU
		{05FDF2B9-B652-4256-8BAD-C93088453389}.Release|Any CPU.ActiveCfg = Release|Any CPU
		{05FDF2B9-B652-4256-8BAD-C93088453389}.Release|Any CPU.Build.0 = Release|Any CPU
		{7358503D-058F-4CE8-8034-B133FC127FB4}.Debug|Any CPU.ActiveCfg = Debug|Any CPU
		{7358503D-058F-4CE8-8034-B133FC127FB4}.Debug|Any CPU.Build.0 = Debug|Any CPU
		{7358503D-058F-4CE8-8034-B133FC127FB4}.Release|Any CPU.ActiveCfg = Release|Any CPU
		{7358503D-058F-4CE8-8034-B133FC127FB4}.Release|Any CPU.Build.0 = Release|Any CPU
		{4E0F5BF7-CEF7-4E63-AA7B-5897D74D2DA5}.Debug|Any CPU.ActiveCfg = Debug|Any CPU
		{4E0F5BF7-CEF7-4E63-AA7B-5897D74D2DA5}.Debug|Any CPU.Build.0 = Debug|Any CPU
		{4E0F5BF7-CEF7-4E63-AA7B-5897D74D2DA5}.Release|Any CPU.ActiveCfg = Release|Any CPU
		{4E0F5BF7-CEF7-4E63-AA7B-5897D74D2DA5}.Release|Any CPU.Build.0 = Release|Any CPU
	EndGlobalSection
EndGlobal
