
Microsoft Visual Studio Solution File, Format Version 12.00
Project("{FAE04EC0-301F-11D3-BF4B-00C04F79EFBC}") = "TaskA", "TaskA\TaskA.csproj", "{524149DA-A201-4116-AD4A-8E20DB0EC5EB}"
EndProject
Project("{FAE04EC0-301F-11D3-BF4B-00C04F79EFBC}") = "TaskB", "TaskB\TaskB.csproj", "{1F4C1313-6CEB-4360-A4AF-F37E7B58ECF9}"
EndProject
Project("{FAE04EC0-301F-11D3-BF4B-00C04F79EFBC}") = "TaskC", "TaskC\TaskC.csproj", "{BB60CA83-D3F2-4253-AF4E-BCA58DC43075}"
EndProject
Project("{FAE04EC0-301F-11D3-BF4B-00C04F79EFBC}") = "TaskD", "TaskD\TaskD.csproj", "{79828643-2183-42F9-9F1F-86C6F1598B02}"
EndProject
Project("{FAE04EC0-301F-11D3-BF4B-00C04F79EFBC}") = "TaskE", "TaskE\TaskE.csproj", "{E885FC94-0508-42BE-A9D9-6F520B365471}"
EndProject
Project("{FAE04EC0-301F-11D3-BF4B-00C04F79EFBC}") = "TaskF", "TaskF\TaskF.csproj", "{603C4BAB-6CB6-47E8-BB02-BA1CEDCF9ADE}"
EndProject
Project("{FAE04EC0-301F-11D3-BF4B-00C04F79EFBC}") = "TaskG", "TaskG\TaskG.csproj", "{9351CE17-95BE-481B-9FD7-FCD742B4DCA9}"
EndProject
Project("{FAE04EC0-301F-11D3-BF4B-00C04F79EFBC}") = "TaskH", "TaskH\TaskH.csproj", "{96D346F3-4DDA-4C7B-A729-47ECF8AE45F8}"
EndProject
Project("{FAE04EC0-301F-11D3-BF4B-00C04F79EFBC}") = "TaskI", "TaskI\TaskI.csproj", "{D68B8CC9-9C5E-4DAA-AA23-BFABD6C3E1CF}"
EndProject
Project("{FAE04EC0-301F-11D3-BF4B-00C04F79EFBC}") = "TaskJ", "TaskJ\TaskJ.csproj", "{9FAE817A-E083-4929-9B26-D1A3232CF366}"
EndProject
Global
	GlobalSection(SolutionConfigurationPlatforms) = preSolution
		Debug|Any CPU = Debug|Any CPU
		Release|Any CPU = Release|Any CPU
	EndGlobalSection
	GlobalSection(ProjectConfigurationPlatforms) = postSolution
		{524149DA-A201-4116-AD4A-8E20DB0EC5EB}.Debug|Any CPU.ActiveCfg = Debug|Any CPU
		{524149DA-A201-4116-AD4A-8E20DB0EC5EB}.Debug|Any CPU.Build.0 = Debug|Any CPU
		{524149DA-A201-4116-AD4A-8E20DB0EC5EB}.Release|Any CPU.ActiveCfg = Release|Any CPU
		{524149DA-A201-4116-AD4A-8E20DB0EC5EB}.Release|Any CPU.Build.0 = Release|Any CPU
		{1F4C1313-6CEB-4360-A4AF-F37E7B58ECF9}.Debug|Any CPU.ActiveCfg = Debug|Any CPU
		{1F4C1313-6CEB-4360-A4AF-F37E7B58ECF9}.Debug|Any CPU.Build.0 = Debug|Any CPU
		{1F4C1313-6CEB-4360-A4AF-F37E7B58ECF9}.Release|Any CPU.ActiveCfg = Release|Any CPU
		{1F4C1313-6CEB-4360-A4AF-F37E7B58ECF9}.Release|Any CPU.Build.0 = Release|Any CPU
		{BB60CA83-D3F2-4253-AF4E-BCA58DC43075}.Debug|Any CPU.ActiveCfg = Debug|Any CPU
		{BB60CA83-D3F2-4253-AF4E-BCA58DC43075}.Debug|Any CPU.Build.0 = Debug|Any CPU
		{BB60CA83-D3F2-4253-AF4E-BCA58DC43075}.Release|Any CPU.ActiveCfg = Release|Any CPU
		{BB60CA83-D3F2-4253-AF4E-BCA58DC43075}.Release|Any CPU.Build.0 = Release|Any CPU
		{79828643-2183-42F9-9F1F-86C6F1598B02}.Debug|Any CPU.ActiveCfg = Debug|Any CPU
		{79828643-2183-42F9-9F1F-86C6F1598B02}.Debug|Any CPU.Build.0 = Debug|Any CPU
		{79828643-2183-42F9-9F1F-86C6F1598B02}.Release|Any CPU.ActiveCfg = Release|Any CPU
		{79828643-2183-42F9-9F1F-86C6F1598B02}.Release|Any CPU.Build.0 = Release|Any CPU
		{E885FC94-0508-42BE-A9D9-6F520B365471}.Debug|Any CPU.ActiveCfg = Debug|Any CPU
		{E885FC94-0508-42BE-A9D9-6F520B365471}.Debug|Any CPU.Build.0 = Debug|Any CPU
		{E885FC94-0508-42BE-A9D9-6F520B365471}.Release|Any CPU.ActiveCfg = Release|Any CPU
		{E885FC94-0508-42BE-A9D9-6F520B365471}.Release|Any CPU.Build.0 = Release|Any CPU
		{603C4BAB-6CB6-47E8-BB02-BA1CEDCF9ADE}.Debug|Any CPU.ActiveCfg = Debug|Any CPU
		{603C4BAB-6CB6-47E8-BB02-BA1CEDCF9ADE}.Debug|Any CPU.Build.0 = Debug|Any CPU
		{603C4BAB-6CB6-47E8-BB02-BA1CEDCF9ADE}.Release|Any CPU.ActiveCfg = Release|Any CPU
		{603C4BAB-6CB6-47E8-BB02-BA1CEDCF9ADE}.Release|Any CPU.Build.0 = Release|Any CPU
		{9351CE17-95BE-481B-9FD7-FCD742B4DCA9}.Debug|Any CPU.ActiveCfg = Debug|Any CPU
		{9351CE17-95BE-481B-9FD7-FCD742B4DCA9}.Debug|Any CPU.Build.0 = Debug|Any CPU
		{9351CE17-95BE-481B-9FD7-FCD742B4DCA9}.Release|Any CPU.ActiveCfg = Release|Any CPU
		{9351CE17-95BE-481B-9FD7-FCD742B4DCA9}.Release|Any CPU.Build.0 = Release|Any CPU
		{96D346F3-4DDA-4C7B-A729-47ECF8AE45F8}.Debug|Any CPU.ActiveCfg = Debug|Any CPU
		{96D346F3-4DDA-4C7B-A729-47ECF8AE45F8}.Debug|Any CPU.Build.0 = Debug|Any CPU
		{96D346F3-4DDA-4C7B-A729-47ECF8AE45F8}.Release|Any CPU.ActiveCfg = Release|Any CPU
		{96D346F3-4DDA-4C7B-A729-47ECF8AE45F8}.Release|Any CPU.Build.0 = Release|Any CPU
		{D68B8CC9-9C5E-4DAA-AA23-BFABD6C3E1CF}.Debug|Any CPU.ActiveCfg = Debug|Any CPU
		{D68B8CC9-9C5E-4DAA-AA23-BFABD6C3E1CF}.Debug|Any CPU.Build.0 = Debug|Any CPU
		{D68B8CC9-9C5E-4DAA-AA23-BFABD6C3E1CF}.Release|Any CPU.ActiveCfg = Release|Any CPU
		{D68B8CC9-9C5E-4DAA-AA23-BFABD6C3E1CF}.Release|Any CPU.Build.0 = Release|Any CPU
		{9FAE817A-E083-4929-9B26-D1A3232CF366}.Debug|Any CPU.ActiveCfg = Debug|Any CPU
		{9FAE817A-E083-4929-9B26-D1A3232CF366}.Debug|Any CPU.Build.0 = Debug|Any CPU
		{9FAE817A-E083-4929-9B26-D1A3232CF366}.Release|Any CPU.ActiveCfg = Release|Any CPU
		{9FAE817A-E083-4929-9B26-D1A3232CF366}.Release|Any CPU.Build.0 = Release|Any CPU
	EndGlobalSection
EndGlobal
