
Microsoft Visual Studio Solution File, Format Version 12.00
Project("{FAE04EC0-301F-11D3-BF4B-00C04F79EFBC}") = "TaskA", "TaskA\TaskA.csproj", "{5A5ED1A4-2D3C-4BBF-A723-52EE8E1A3CEF}"
EndProject
Project("{FAE04EC0-301F-11D3-BF4B-00C04F79EFBC}") = "TaskB", "TaskB\TaskB.csproj", "{329FBF8F-A8D8-4760-A260-2F64DB3EF272}"
EndProject
Project("{FAE04EC0-301F-11D3-BF4B-00C04F79EFBC}") = "TaskC", "TaskC\TaskC.csproj", "{FAF5DD8D-ED9E-4E2A-8CBB-575CF8C51F38}"
EndProject
Project("{FAE04EC0-301F-11D3-BF4B-00C04F79EFBC}") = "TaskD", "TaskD\TaskD.csproj", "{CA289C16-C99E-4113-8A9D-E5523FD19977}"
EndProject
Project("{FAE04EC0-301F-11D3-BF4B-00C04F79EFBC}") = "TaskE", "TaskE\TaskE.csproj", "{FE82EE07-CED5-43A1-83ED-07301B8E035C}"
EndProject
Project("{FAE04EC0-301F-11D3-BF4B-00C04F79EFBC}") = "TaskF", "TaskF\TaskF.csproj", "{F1C7292C-8418-4501-AB10-651FB4A79E2F}"
EndProject
Project("{FAE04EC0-301F-11D3-BF4B-00C04F79EFBC}") = "TaskG", "TaskG\TaskG.csproj", "{E5BF228A-EA9B-47B9-AD48-B52E463FA1AB}"
EndProject
Project("{FAE04EC0-301F-11D3-BF4B-00C04F79EFBC}") = "TaskH", "TaskH\TaskH.csproj", "{A2AF940B-CED7-4F66-9348-5C5AB9C5094F}"
EndProject
Project("{FAE04EC0-301F-11D3-BF4B-00C04F79EFBC}") = "TaskI", "TaskI\TaskI.csproj", "{178C069E-F3B9-4B89-A2FA-36F856079109}"
EndProject
Project("{FAE04EC0-301F-11D3-BF4B-00C04F79EFBC}") = "TaskJ", "TaskJ\TaskJ.csproj", "{B9B66C84-304A-4D6E-9C61-39CC2F40FB3F}"
EndProject
Project("{FAE04EC0-301F-11D3-BF4B-00C04F79EFBC}") = "TaskK", "TaskK\TaskK.csproj", "{92BDB7C3-209F-4598-A4D6-F68AE60959F0}"
EndProject
Project("{FAE04EC0-301F-11D3-BF4B-00C04F79EFBC}") = "TaskL", "TaskL\TaskL.csproj", "{02BA0379-6016-41CA-B803-3EA6775E9391}"
EndProject
Project("{FAE04EC0-301F-11D3-BF4B-00C04F79EFBC}") = "TaskM", "TaskM\TaskM.csproj", "{9E801CA7-446A-405A-A774-0C18A9326F95}"
EndProject
Project("{FAE04EC0-301F-11D3-BF4B-00C04F79EFBC}") = "TaskN", "TaskN\TaskN.csproj", "{0B42555A-958B-4C3A-8B30-BBBAEC89F0FB}"
EndProject
Project("{FAE04EC0-301F-11D3-BF4B-00C04F79EFBC}") = "TaskO", "TaskO\TaskO.csproj", "{EDABF460-2A5E-4938-9D79-853AFAE1FD3F}"
EndProject
Global
	GlobalSection(SolutionConfigurationPlatforms) = preSolution
		Debug|Any CPU = Debug|Any CPU
		Release|Any CPU = Release|Any CPU
	EndGlobalSection
	GlobalSection(ProjectConfigurationPlatforms) = postSolution
		{5A5ED1A4-2D3C-4BBF-A723-52EE8E1A3CEF}.Debug|Any CPU.ActiveCfg = Debug|Any CPU
		{5A5ED1A4-2D3C-4BBF-A723-52EE8E1A3CEF}.Debug|Any CPU.Build.0 = Debug|Any CPU
		{5A5ED1A4-2D3C-4BBF-A723-52EE8E1A3CEF}.Release|Any CPU.ActiveCfg = Release|Any CPU
		{5A5ED1A4-2D3C-4BBF-A723-52EE8E1A3CEF}.Release|Any CPU.Build.0 = Release|Any CPU
		{329FBF8F-A8D8-4760-A260-2F64DB3EF272}.Debug|Any CPU.ActiveCfg = Debug|Any CPU
		{329FBF8F-A8D8-4760-A260-2F64DB3EF272}.Debug|Any CPU.Build.0 = Debug|Any CPU
		{329FBF8F-A8D8-4760-A260-2F64DB3EF272}.Release|Any CPU.ActiveCfg = Release|Any CPU
		{329FBF8F-A8D8-4760-A260-2F64DB3EF272}.Release|Any CPU.Build.0 = Release|Any CPU
		{FAF5DD8D-ED9E-4E2A-8CBB-575CF8C51F38}.Debug|Any CPU.ActiveCfg = Debug|Any CPU
		{FAF5DD8D-ED9E-4E2A-8CBB-575CF8C51F38}.Debug|Any CPU.Build.0 = Debug|Any CPU
		{FAF5DD8D-ED9E-4E2A-8CBB-575CF8C51F38}.Release|Any CPU.ActiveCfg = Release|Any CPU
		{FAF5DD8D-ED9E-4E2A-8CBB-575CF8C51F38}.Release|Any CPU.Build.0 = Release|Any CPU
		{CA289C16-C99E-4113-8A9D-E5523FD19977}.Debug|Any CPU.ActiveCfg = Debug|Any CPU
		{CA289C16-C99E-4113-8A9D-E5523FD19977}.Debug|Any CPU.Build.0 = Debug|Any CPU
		{CA289C16-C99E-4113-8A9D-E5523FD19977}.Release|Any CPU.ActiveCfg = Release|Any CPU
		{CA289C16-C99E-4113-8A9D-E5523FD19977}.Release|Any CPU.Build.0 = Release|Any CPU
		{FE82EE07-CED5-43A1-83ED-07301B8E035C}.Debug|Any CPU.ActiveCfg = Debug|Any CPU
		{FE82EE07-CED5-43A1-83ED-07301B8E035C}.Debug|Any CPU.Build.0 = Debug|Any CPU
		{FE82EE07-CED5-43A1-83ED-07301B8E035C}.Release|Any CPU.ActiveCfg = Release|Any CPU
		{FE82EE07-CED5-43A1-83ED-07301B8E035C}.Release|Any CPU.Build.0 = Release|Any CPU
		{F1C7292C-8418-4501-AB10-651FB4A79E2F}.Debug|Any CPU.ActiveCfg = Debug|Any CPU
		{F1C7292C-8418-4501-AB10-651FB4A79E2F}.Debug|Any CPU.Build.0 = Debug|Any CPU
		{F1C7292C-8418-4501-AB10-651FB4A79E2F}.Release|Any CPU.ActiveCfg = Release|Any CPU
		{F1C7292C-8418-4501-AB10-651FB4A79E2F}.Release|Any CPU.Build.0 = Release|Any CPU
		{E5BF228A-EA9B-47B9-AD48-B52E463FA1AB}.Debug|Any CPU.ActiveCfg = Debug|Any CPU
		{E5BF228A-EA9B-47B9-AD48-B52E463FA1AB}.Debug|Any CPU.Build.0 = Debug|Any CPU
		{E5BF228A-EA9B-47B9-AD48-B52E463FA1AB}.Release|Any CPU.ActiveCfg = Release|Any CPU
		{E5BF228A-EA9B-47B9-AD48-B52E463FA1AB}.Release|Any CPU.Build.0 = Release|Any CPU
		{A2AF940B-CED7-4F66-9348-5C5AB9C5094F}.Debug|Any CPU.ActiveCfg = Debug|Any CPU
		{A2AF940B-CED7-4F66-9348-5C5AB9C5094F}.Debug|Any CPU.Build.0 = Debug|Any CPU
		{A2AF940B-CED7-4F66-9348-5C5AB9C5094F}.Release|Any CPU.ActiveCfg = Release|Any CPU
		{A2AF940B-CED7-4F66-9348-5C5AB9C5094F}.Release|Any CPU.Build.0 = Release|Any CPU
		{178C069E-F3B9-4B89-A2FA-36F856079109}.Debug|Any CPU.ActiveCfg = Debug|Any CPU
		{178C069E-F3B9-4B89-A2FA-36F856079109}.Debug|Any CPU.Build.0 = Debug|Any CPU
		{178C069E-F3B9-4B89-A2FA-36F856079109}.Release|Any CPU.ActiveCfg = Release|Any CPU
		{178C069E-F3B9-4B89-A2FA-36F856079109}.Release|Any CPU.Build.0 = Release|Any CPU
		{B9B66C84-304A-4D6E-9C61-39CC2F40FB3F}.Debug|Any CPU.ActiveCfg = Debug|Any CPU
		{B9B66C84-304A-4D6E-9C61-39CC2F40FB3F}.Debug|Any CPU.Build.0 = Debug|Any CPU
		{B9B66C84-304A-4D6E-9C61-39CC2F40FB3F}.Release|Any CPU.ActiveCfg = Release|Any CPU
		{B9B66C84-304A-4D6E-9C61-39CC2F40FB3F}.Release|Any CPU.Build.0 = Release|Any CPU
		{92BDB7C3-209F-4598-A4D6-F68AE60959F0}.Debug|Any CPU.ActiveCfg = Debug|Any CPU
		{92BDB7C3-209F-4598-A4D6-F68AE60959F0}.Debug|Any CPU.Build.0 = Debug|Any CPU
		{92BDB7C3-209F-4598-A4D6-F68AE60959F0}.Release|Any CPU.ActiveCfg = Release|Any CPU
		{92BDB7C3-209F-4598-A4D6-F68AE60959F0}.Release|Any CPU.Build.0 = Release|Any CPU
		{02BA0379-6016-41CA-B803-3EA6775E9391}.Debug|Any CPU.ActiveCfg = Debug|Any CPU
		{02BA0379-6016-41CA-B803-3EA6775E9391}.Debug|Any CPU.Build.0 = Debug|Any CPU
		{02BA0379-6016-41CA-B803-3EA6775E9391}.Release|Any CPU.ActiveCfg = Release|Any CPU
		{02BA0379-6016-41CA-B803-3EA6775E9391}.Release|Any CPU.Build.0 = Release|Any CPU
		{9E801CA7-446A-405A-A774-0C18A9326F95}.Debug|Any CPU.ActiveCfg = Debug|Any CPU
		{9E801CA7-446A-405A-A774-0C18A9326F95}.Debug|Any CPU.Build.0 = Debug|Any CPU
		{9E801CA7-446A-405A-A774-0C18A9326F95}.Release|Any CPU.ActiveCfg = Release|Any CPU
		{9E801CA7-446A-405A-A774-0C18A9326F95}.Release|Any CPU.Build.0 = Release|Any CPU
		{0B42555A-958B-4C3A-8B30-BBBAEC89F0FB}.Debug|Any CPU.ActiveCfg = Debug|Any CPU
		{0B42555A-958B-4C3A-8B30-BBBAEC89F0FB}.Debug|Any CPU.Build.0 = Debug|Any CPU
		{0B42555A-958B-4C3A-8B30-BBBAEC89F0FB}.Release|Any CPU.ActiveCfg = Release|Any CPU
		{0B42555A-958B-4C3A-8B30-BBBAEC89F0FB}.Release|Any CPU.Build.0 = Release|Any CPU
		{EDABF460-2A5E-4938-9D79-853AFAE1FD3F}.Debug|Any CPU.ActiveCfg = Debug|Any CPU
		{EDABF460-2A5E-4938-9D79-853AFAE1FD3F}.Debug|Any CPU.Build.0 = Debug|Any CPU
		{EDABF460-2A5E-4938-9D79-853AFAE1FD3F}.Release|Any CPU.ActiveCfg = Release|Any CPU
		{EDABF460-2A5E-4938-9D79-853AFAE1FD3F}.Release|Any CPU.Build.0 = Release|Any CPU
	EndGlobalSection
EndGlobal
