
Microsoft Visual Studio Solution File, Format Version 12.00
Project("{FAE04EC0-301F-11D3-BF4B-00C04F79EFBC}") = "TaskJ", "TaskJ\TaskJ.csproj", "{D35F1119-8ECA-4076-9E7A-29265458CCBF}"
EndProject
Project("{FAE04EC0-301F-11D3-BF4B-00C04F79EFBC}") = "TaskA", "TaskA\TaskA.csproj", "{87198C3C-EF67-4F9F-84F5-5F3EFA16F335}"
EndProject
Project("{FAE04EC0-301F-11D3-BF4B-00C04F79EFBC}") = "TaskB", "TaskB\TaskB.csproj", "{3CFDF417-A89E-4020-A80F-FA7F8DDFDE89}"
EndProject
Project("{FAE04EC0-301F-11D3-BF4B-00C04F79EFBC}") = "TaskC", "TaskC\TaskC.csproj", "{17CEEB9D-F937-47C2-8073-C778C6614620}"
EndProject
Project("{FAE04EC0-301F-11D3-BF4B-00C04F79EFBC}") = "TaskD", "TaskD\TaskD.csproj", "{F3F75B16-1AEF-4BE6-868D-E6E1D0E20EAF}"
EndProject
Project("{FAE04EC0-301F-11D3-BF4B-00C04F79EFBC}") = "TaskE", "TaskE\TaskE.csproj", "{2DD40ED8-1842-419B-BF24-E5DAD834B4D3}"
EndProject
Project("{FAE04EC0-301F-11D3-BF4B-00C04F79EFBC}") = "TaskF", "TaskF\TaskF.csproj", "{DFA01192-D793-4605-A0D2-A7D954ED4168}"
EndProject
Project("{FAE04EC0-301F-11D3-BF4B-00C04F79EFBC}") = "TaskG", "TaskG\TaskG.csproj", "{193CB756-B2BA-4FAE-A29B-C8310F7CD85D}"
EndProject
Project("{FAE04EC0-301F-11D3-BF4B-00C04F79EFBC}") = "TaskH", "TaskH\TaskH.csproj", "{FC31460E-0B36-449F-98D2-C5EDC7ADE46C}"
EndProject
Project("{FAE04EC0-301F-11D3-BF4B-00C04F79EFBC}") = "TaskI", "TaskI\TaskI.csproj", "{83871173-95E2-421F-B3E8-BE54FDDB237E}"
EndProject
Global
	GlobalSection(SolutionConfigurationPlatforms) = preSolution
		Debug|Any CPU = Debug|Any CPU
		Release|Any CPU = Release|Any CPU
	EndGlobalSection
	GlobalSection(ProjectConfigurationPlatforms) = postSolution
		{D35F1119-8ECA-4076-9E7A-29265458CCBF}.Debug|Any CPU.ActiveCfg = Debug|Any CPU
		{D35F1119-8ECA-4076-9E7A-29265458CCBF}.Debug|Any CPU.Build.0 = Debug|Any CPU
		{D35F1119-8ECA-4076-9E7A-29265458CCBF}.Release|Any CPU.ActiveCfg = Release|Any CPU
		{D35F1119-8ECA-4076-9E7A-29265458CCBF}.Release|Any CPU.Build.0 = Release|Any CPU
		{87198C3C-EF67-4F9F-84F5-5F3EFA16F335}.Debug|Any CPU.ActiveCfg = Debug|Any CPU
		{87198C3C-EF67-4F9F-84F5-5F3EFA16F335}.Debug|Any CPU.Build.0 = Debug|Any CPU
		{87198C3C-EF67-4F9F-84F5-5F3EFA16F335}.Release|Any CPU.ActiveCfg = Release|Any CPU
		{87198C3C-EF67-4F9F-84F5-5F3EFA16F335}.Release|Any CPU.Build.0 = Release|Any CPU
		{3CFDF417-A89E-4020-A80F-FA7F8DDFDE89}.Debug|Any CPU.ActiveCfg = Debug|Any CPU
		{3CFDF417-A89E-4020-A80F-FA7F8DDFDE89}.Debug|Any CPU.Build.0 = Debug|Any CPU
		{3CFDF417-A89E-4020-A80F-FA7F8DDFDE89}.Release|Any CPU.ActiveCfg = Release|Any CPU
		{3CFDF417-A89E-4020-A80F-FA7F8DDFDE89}.Release|Any CPU.Build.0 = Release|Any CPU
		{17CEEB9D-F937-47C2-8073-C778C6614620}.Debug|Any CPU.ActiveCfg = Debug|Any CPU
		{17CEEB9D-F937-47C2-8073-C778C6614620}.Debug|Any CPU.Build.0 = Debug|Any CPU
		{17CEEB9D-F937-47C2-8073-C778C6614620}.Release|Any CPU.ActiveCfg = Release|Any CPU
		{17CEEB9D-F937-47C2-8073-C778C6614620}.Release|Any CPU.Build.0 = Release|Any CPU
		{F3F75B16-1AEF-4BE6-868D-E6E1D0E20EAF}.Debug|Any CPU.ActiveCfg = Debug|Any CPU
		{F3F75B16-1AEF-4BE6-868D-E6E1D0E20EAF}.Debug|Any CPU.Build.0 = Debug|Any CPU
		{F3F75B16-1AEF-4BE6-868D-E6E1D0E20EAF}.Release|Any CPU.ActiveCfg = Release|Any CPU
		{F3F75B16-1AEF-4BE6-868D-E6E1D0E20EAF}.Release|Any CPU.Build.0 = Release|Any CPU
		{2DD40ED8-1842-419B-BF24-E5DAD834B4D3}.Debug|Any CPU.ActiveCfg = Debug|Any CPU
		{2DD40ED8-1842-419B-BF24-E5DAD834B4D3}.Debug|Any CPU.Build.0 = Debug|Any CPU
		{2DD40ED8-1842-419B-BF24-E5DAD834B4D3}.Release|Any CPU.ActiveCfg = Release|Any CPU
		{2DD40ED8-1842-419B-BF24-E5DAD834B4D3}.Release|Any CPU.Build.0 = Release|Any CPU
		{DFA01192-D793-4605-A0D2-A7D954ED4168}.Debug|Any CPU.ActiveCfg = Debug|Any CPU
		{DFA01192-D793-4605-A0D2-A7D954ED4168}.Debug|Any CPU.Build.0 = Debug|Any CPU
		{DFA01192-D793-4605-A0D2-A7D954ED4168}.Release|Any CPU.ActiveCfg = Release|Any CPU
		{DFA01192-D793-4605-A0D2-A7D954ED4168}.Release|Any CPU.Build.0 = Release|Any CPU
		{193CB756-B2BA-4FAE-A29B-C8310F7CD85D}.Debug|Any CPU.ActiveCfg = Debug|Any CPU
		{193CB756-B2BA-4FAE-A29B-C8310F7CD85D}.Debug|Any CPU.Build.0 = Debug|Any CPU
		{193CB756-B2BA-4FAE-A29B-C8310F7CD85D}.Release|Any CPU.ActiveCfg = Release|Any CPU
		{193CB756-B2BA-4FAE-A29B-C8310F7CD85D}.Release|Any CPU.Build.0 = Release|Any CPU
		{FC31460E-0B36-449F-98D2-C5EDC7ADE46C}.Debug|Any CPU.ActiveCfg = Debug|Any CPU
		{FC31460E-0B36-449F-98D2-C5EDC7ADE46C}.Debug|Any CPU.Build.0 = Debug|Any CPU
		{FC31460E-0B36-449F-98D2-C5EDC7ADE46C}.Release|Any CPU.ActiveCfg = Release|Any CPU
		{FC31460E-0B36-449F-98D2-C5EDC7ADE46C}.Release|Any CPU.Build.0 = Release|Any CPU
		{83871173-95E2-421F-B3E8-BE54FDDB237E}.Debug|Any CPU.ActiveCfg = Debug|Any CPU
		{83871173-95E2-421F-B3E8-BE54FDDB237E}.Debug|Any CPU.Build.0 = Debug|Any CPU
		{83871173-95E2-421F-B3E8-BE54FDDB237E}.Release|Any CPU.ActiveCfg = Release|Any CPU
		{83871173-95E2-421F-B3E8-BE54FDDB237E}.Release|Any CPU.Build.0 = Release|Any CPU
	EndGlobalSection
EndGlobal
