
Microsoft Visual Studio Solution File, Format Version 12.00
Project("{FAE04EC0-301F-11D3-BF4B-00C04F79EFBC}") = "TaskA", "TaskA\TaskA.csproj", "{2BE59B9E-9737-4911-A4B5-E7F7A40A30B9}"
EndProject
Project("{FAE04EC0-301F-11D3-BF4B-00C04F79EFBC}") = "TaskB", "TaskB\TaskB.csproj", "{EA03F360-50B5-4E9F-B18F-1EB2F5CA2D9E}"
EndProject
Project("{FAE04EC0-301F-11D3-BF4B-00C04F79EFBC}") = "TaskC", "TaskC\TaskC.csproj", "{71703B9A-A93F-4E23-9A41-A9F4B2667A3F}"
EndProject
Project("{FAE04EC0-301F-11D3-BF4B-00C04F79EFBC}") = "TaskD", "TaskD\TaskD.csproj", "{0CED8AE4-7E7F-4B8C-B6EC-E62F34F9A184}"
EndProject
Project("{FAE04EC0-301F-11D3-BF4B-00C04F79EFBC}") = "TaskE", "TaskE\TaskE.csproj", "{145580D8-A397-443A-B2BC-5FCBCEF1C6B8}"
EndProject
Project("{FAE04EC0-301F-11D3-BF4B-00C04F79EFBC}") = "TaskF", "TaskF\TaskF.csproj", "{FAB9A17F-E972-414D-BA45-16A6D6BFD4C6}"
EndProject
Project("{FAE04EC0-301F-11D3-BF4B-00C04F79EFBC}") = "TaskG", "TaskG\TaskG.csproj", "{FABDF569-1A86-4F71-96AF-3813D9A66427}"
EndProject
Project("{FAE04EC0-301F-11D3-BF4B-00C04F79EFBC}") = "TaskH", "TaskH\TaskH.csproj", "{856EE631-54C2-495A-99E5-F83F87DD514A}"
EndProject
Project("{FAE04EC0-301F-11D3-BF4B-00C04F79EFBC}") = "TaskI", "TaskI\TaskI.csproj", "{A9EA8F65-2CF3-46F2-89DC-68AD9438559C}"
EndProject
Project("{FAE04EC0-301F-11D3-BF4B-00C04F79EFBC}") = "TaskJ", "TaskJ\TaskJ.csproj", "{FF94C145-D74E-48C9-900E-2AFF871541A8}"
EndProject
Global
	GlobalSection(SolutionConfigurationPlatforms) = preSolution
		Debug|Any CPU = Debug|Any CPU
		Release|Any CPU = Release|Any CPU
	EndGlobalSection
	GlobalSection(ProjectConfigurationPlatforms) = postSolution
		{2BE59B9E-9737-4911-A4B5-E7F7A40A30B9}.Debug|Any CPU.ActiveCfg = Debug|Any CPU
		{2BE59B9E-9737-4911-A4B5-E7F7A40A30B9}.Debug|Any CPU.Build.0 = Debug|Any CPU
		{2BE59B9E-9737-4911-A4B5-E7F7A40A30B9}.Release|Any CPU.ActiveCfg = Release|Any CPU
		{2BE59B9E-9737-4911-A4B5-E7F7A40A30B9}.Release|Any CPU.Build.0 = Release|Any CPU
		{EA03F360-50B5-4E9F-B18F-1EB2F5CA2D9E}.Debug|Any CPU.ActiveCfg = Debug|Any CPU
		{EA03F360-50B5-4E9F-B18F-1EB2F5CA2D9E}.Debug|Any CPU.Build.0 = Debug|Any CPU
		{EA03F360-50B5-4E9F-B18F-1EB2F5CA2D9E}.Release|Any CPU.ActiveCfg = Release|Any CPU
		{EA03F360-50B5-4E9F-B18F-1EB2F5CA2D9E}.Release|Any CPU.Build.0 = Release|Any CPU
		{71703B9A-A93F-4E23-9A41-A9F4B2667A3F}.Debug|Any CPU.ActiveCfg = Debug|Any CPU
		{71703B9A-A93F-4E23-9A41-A9F4B2667A3F}.Debug|Any CPU.Build.0 = Debug|Any CPU
		{71703B9A-A93F-4E23-9A41-A9F4B2667A3F}.Release|Any CPU.ActiveCfg = Release|Any CPU
		{71703B9A-A93F-4E23-9A41-A9F4B2667A3F}.Release|Any CPU.Build.0 = Release|Any CPU
		{0CED8AE4-7E7F-4B8C-B6EC-E62F34F9A184}.Debug|Any CPU.ActiveCfg = Debug|Any CPU
		{0CED8AE4-7E7F-4B8C-B6EC-E62F34F9A184}.Debug|Any CPU.Build.0 = Debug|Any CPU
		{0CED8AE4-7E7F-4B8C-B6EC-E62F34F9A184}.Release|Any CPU.ActiveCfg = Release|Any CPU
		{0CED8AE4-7E7F-4B8C-B6EC-E62F34F9A184}.Release|Any CPU.Build.0 = Release|Any CPU
		{145580D8-A397-443A-B2BC-5FCBCEF1C6B8}.Debug|Any CPU.ActiveCfg = Debug|Any CPU
		{145580D8-A397-443A-B2BC-5FCBCEF1C6B8}.Debug|Any CPU.Build.0 = Debug|Any CPU
		{145580D8-A397-443A-B2BC-5FCBCEF1C6B8}.Release|Any CPU.ActiveCfg = Release|Any CPU
		{145580D8-A397-443A-B2BC-5FCBCEF1C6B8}.Release|Any CPU.Build.0 = Release|Any CPU
		{FAB9A17F-E972-414D-BA45-16A6D6BFD4C6}.Debug|Any CPU.ActiveCfg = Debug|Any CPU
		{FAB9A17F-E972-414D-BA45-16A6D6BFD4C6}.Debug|Any CPU.Build.0 = Debug|Any CPU
		{FAB9A17F-E972-414D-BA45-16A6D6BFD4C6}.Release|Any CPU.ActiveCfg = Release|Any CPU
		{FAB9A17F-E972-414D-BA45-16A6D6BFD4C6}.Release|Any CPU.Build.0 = Release|Any CPU
		{FABDF569-1A86-4F71-96AF-3813D9A66427}.Debug|Any CPU.ActiveCfg = Debug|Any CPU
		{FABDF569-1A86-4F71-96AF-3813D9A66427}.Debug|Any CPU.Build.0 = Debug|Any CPU
		{FABDF569-1A86-4F71-96AF-3813D9A66427}.Release|Any CPU.ActiveCfg = Release|Any CPU
		{FABDF569-1A86-4F71-96AF-3813D9A66427}.Release|Any CPU.Build.0 = Release|Any CPU
		{856EE631-54C2-495A-99E5-F83F87DD514A}.Debug|Any CPU.ActiveCfg = Debug|Any CPU
		{856EE631-54C2-495A-99E5-F83F87DD514A}.Debug|Any CPU.Build.0 = Debug|Any CPU
		{856EE631-54C2-495A-99E5-F83F87DD514A}.Release|Any CPU.ActiveCfg = Release|Any CPU
		{856EE631-54C2-495A-99E5-F83F87DD514A}.Release|Any CPU.Build.0 = Release|Any CPU
		{A9EA8F65-2CF3-46F2-89DC-68AD9438559C}.Debug|Any CPU.ActiveCfg = Debug|Any CPU
		{A9EA8F65-2CF3-46F2-89DC-68AD9438559C}.Debug|Any CPU.Build.0 = Debug|Any CPU
		{A9EA8F65-2CF3-46F2-89DC-68AD9438559C}.Release|Any CPU.ActiveCfg = Release|Any CPU
		{A9EA8F65-2CF3-46F2-89DC-68AD9438559C}.Release|Any CPU.Build.0 = Release|Any CPU
		{FF94C145-D74E-48C9-900E-2AFF871541A8}.Debug|Any CPU.ActiveCfg = Debug|Any CPU
		{FF94C145-D74E-48C9-900E-2AFF871541A8}.Debug|Any CPU.Build.0 = Debug|Any CPU
		{FF94C145-D74E-48C9-900E-2AFF871541A8}.Release|Any CPU.ActiveCfg = Release|Any CPU
		{FF94C145-D74E-48C9-900E-2AFF871541A8}.Release|Any CPU.Build.0 = Release|Any CPU
	EndGlobalSection
EndGlobal
