
Microsoft Visual Studio Solution File, Format Version 12.00
Project("{FAE04EC0-301F-11D3-BF4B-00C04F79EFBC}") = "TaskA", "TaskA\TaskA.csproj", "{1C7D93D4-64BD-48FA-9A24-D831977BEE40}"
EndProject
Project("{FAE04EC0-301F-11D3-BF4B-00C04F79EFBC}") = "TaskB", "TaskB\TaskB.csproj", "{5F4E4358-B68F-43B3-9A58-B274E56C7ADC}"
EndProject
Project("{FAE04EC0-301F-11D3-BF4B-00C04F79EFBC}") = "TaskC", "TaskC\TaskC.csproj", "{3AA282CF-ADB4-4B91-ACFE-4A297B9853F6}"
EndProject
Project("{FAE04EC0-301F-11D3-BF4B-00C04F79EFBC}") = "TaskD", "TaskD\TaskD.csproj", "{02953E37-A8EA-4AB4-8367-786AE09B7BBA}"
EndProject
Project("{FAE04EC0-301F-11D3-BF4B-00C04F79EFBC}") = "TaskE", "TaskE\TaskE.csproj", "{B968CF69-23B2-4C0C-8A9B-A59138CC0AE2}"
EndProject
Project("{FAE04EC0-301F-11D3-BF4B-00C04F79EFBC}") = "TaskF", "TaskF\TaskF.csproj", "{786829D1-B90C-4DD5-91A7-2B7DE9D5AE13}"
EndProject
Project("{FAE04EC0-301F-11D3-BF4B-00C04F79EFBC}") = "TaskG", "TaskG\TaskG.csproj", "{93F47D93-15BA-4FAF-ACBD-3665B08C0312}"
EndProject
Project("{FAE04EC0-301F-11D3-BF4B-00C04F79EFBC}") = "TaskH", "TaskH\TaskH.csproj", "{06986330-5B0A-4574-B35B-86F63ED88D89}"
EndProject
Project("{FAE04EC0-301F-11D3-BF4B-00C04F79EFBC}") = "TaskI", "TaskI\TaskI.csproj", "{928E56F4-4016-4767-9614-49A1A74FCE94}"
EndProject
Project("{FAE04EC0-301F-11D3-BF4B-00C04F79EFBC}") = "TaskJ", "TaskJ\TaskJ.csproj", "{7CA47536-3ED5-4A5C-92C2-B73D69331D01}"
EndProject
Global
	GlobalSection(SolutionConfigurationPlatforms) = preSolution
		Debug|Any CPU = Debug|Any CPU
		Release|Any CPU = Release|Any CPU
	EndGlobalSection
	GlobalSection(ProjectConfigurationPlatforms) = postSolution
		{1C7D93D4-64BD-48FA-9A24-D831977BEE40}.Debug|Any CPU.ActiveCfg = Debug|Any CPU
		{1C7D93D4-64BD-48FA-9A24-D831977BEE40}.Debug|Any CPU.Build.0 = Debug|Any CPU
		{1C7D93D4-64BD-48FA-9A24-D831977BEE40}.Release|Any CPU.ActiveCfg = Release|Any CPU
		{1C7D93D4-64BD-48FA-9A24-D831977BEE40}.Release|Any CPU.Build.0 = Release|Any CPU
		{5F4E4358-B68F-43B3-9A58-B274E56C7ADC}.Debug|Any CPU.ActiveCfg = Debug|Any CPU
		{5F4E4358-B68F-43B3-9A58-B274E56C7ADC}.Debug|Any CPU.Build.0 = Debug|Any CPU
		{5F4E4358-B68F-43B3-9A58-B274E56C7ADC}.Release|Any CPU.ActiveCfg = Release|Any CPU
		{5F4E4358-B68F-43B3-9A58-B274E56C7ADC}.Release|Any CPU.Build.0 = Release|Any CPU
		{3AA282CF-ADB4-4B91-ACFE-4A297B9853F6}.Debug|Any CPU.ActiveCfg = Debug|Any CPU
		{3AA282CF-ADB4-4B91-ACFE-4A297B9853F6}.Debug|Any CPU.Build.0 = Debug|Any CPU
		{3AA282CF-ADB4-4B91-ACFE-4A297B9853F6}.Release|Any CPU.ActiveCfg = Release|Any CPU
		{3AA282CF-ADB4-4B91-ACFE-4A297B9853F6}.Release|Any CPU.Build.0 = Release|Any CPU
		{02953E37-A8EA-4AB4-8367-786AE09B7BBA}.Debug|Any CPU.ActiveCfg = Debug|Any CPU
		{02953E37-A8EA-4AB4-8367-786AE09B7BBA}.Debug|Any CPU.Build.0 = Debug|Any CPU
		{02953E37-A8EA-4AB4-8367-786AE09B7BBA}.Release|Any CPU.ActiveCfg = Release|Any CPU
		{02953E37-A8EA-4AB4-8367-786AE09B7BBA}.Release|Any CPU.Build.0 = Release|Any CPU
		{B968CF69-23B2-4C0C-8A9B-A59138CC0AE2}.Debug|Any CPU.ActiveCfg = Debug|Any CPU
		{B968CF69-23B2-4C0C-8A9B-A59138CC0AE2}.Debug|Any CPU.Build.0 = Debug|Any CPU
		{B968CF69-23B2-4C0C-8A9B-A59138CC0AE2}.Release|Any CPU.ActiveCfg = Release|Any CPU
		{B968CF69-23B2-4C0C-8A9B-A59138CC0AE2}.Release|Any CPU.Build.0 = Release|Any CPU
		{786829D1-B90C-4DD5-91A7-2B7DE9D5AE13}.Debug|Any CPU.ActiveCfg = Debug|Any CPU
		{786829D1-B90C-4DD5-91A7-2B7DE9D5AE13}.Debug|Any CPU.Build.0 = Debug|Any CPU
		{786829D1-B90C-4DD5-91A7-2B7DE9D5AE13}.Release|Any CPU.ActiveCfg = Release|Any CPU
		{786829D1-B90C-4DD5-91A7-2B7DE9D5AE13}.Release|Any CPU.Build.0 = Release|Any CPU
		{93F47D93-15BA-4FAF-ACBD-3665B08C0312}.Debug|Any CPU.ActiveCfg = Debug|Any CPU
		{93F47D93-15BA-4FAF-ACBD-3665B08C0312}.Debug|Any CPU.Build.0 = Debug|Any CPU
		{93F47D93-15BA-4FAF-ACBD-3665B08C0312}.Release|Any CPU.ActiveCfg = Release|Any CPU
		{93F47D93-15BA-4FAF-ACBD-3665B08C0312}.Release|Any CPU.Build.0 = Release|Any CPU
		{06986330-5B0A-4574-B35B-86F63ED88D89}.Debug|Any CPU.ActiveCfg = Debug|Any CPU
		{06986330-5B0A-4574-B35B-86F63ED88D89}.Debug|Any CPU.Build.0 = Debug|Any CPU
		{06986330-5B0A-4574-B35B-86F63ED88D89}.Release|Any CPU.ActiveCfg = Release|Any CPU
		{06986330-5B0A-4574-B35B-86F63ED88D89}.Release|Any CPU.Build.0 = Release|Any CPU
		{928E56F4-4016-4767-9614-49A1A74FCE94}.Debug|Any CPU.ActiveCfg = Debug|Any CPU
		{928E56F4-4016-4767-9614-49A1A74FCE94}.Debug|Any CPU.Build.0 = Debug|Any CPU
		{928E56F4-4016-4767-9614-49A1A74FCE94}.Release|Any CPU.ActiveCfg = Release|Any CPU
		{928E56F4-4016-4767-9614-49A1A74FCE94}.Release|Any CPU.Build.0 = Release|Any CPU
		{7CA47536-3ED5-4A5C-92C2-B73D69331D01}.Debug|Any CPU.ActiveCfg = Debug|Any CPU
		{7CA47536-3ED5-4A5C-92C2-B73D69331D01}.Debug|Any CPU.Build.0 = Debug|Any CPU
		{7CA47536-3ED5-4A5C-92C2-B73D69331D01}.Release|Any CPU.ActiveCfg = Release|Any CPU
		{7CA47536-3ED5-4A5C-92C2-B73D69331D01}.Release|Any CPU.Build.0 = Release|Any CPU
	EndGlobalSection
EndGlobal
